
Microsoft Visual Studio Solution File, Format Version 12.00
# Visual Studio Version 17
VisualStudioVersion = 17.8.34330.188
MinimumVisualStudioVersion = 10.0.40219.1
Project("{FAE04EC0-301F-11D3-BF4B-00C04F79EFBC}") = "CurrencyMicroService", "CurrencyMicroService\CurrencyMicroService.csproj", "{EE85910F-ABB6-4FAB-BC78-BB76A0DD702A}"
EndProject
Global
	GlobalSection(SolutionConfigurationPlatforms) = preSolution
		Debug|Any CPU = Debug|Any CPU
		Release|Any CPU = Release|Any CPU
	EndGlobalSection
	GlobalSection(ProjectConfigurationPlatforms) = postSolution
		{EE85910F-ABB6-4FAB-BC78-BB76A0DD702A}.Debug|Any CPU.ActiveCfg = Debug|Any CPU
		{EE85910F-ABB6-4FAB-BC78-BB76A0DD702A}.Debug|Any CPU.Build.0 = Debug|Any CPU
		{EE85910F-ABB6-4FAB-BC78-BB76A0DD702A}.Release|Any CPU.ActiveCfg = Release|Any CPU
		{EE85910F-ABB6-4FAB-BC78-BB76A0DD702A}.Release|Any CPU.Build.0 = Release|Any CPU
	EndGlobalSection
	GlobalSection(SolutionProperties) = preSolution
		HideSolutionNode = FALSE
	EndGlobalSection
	GlobalSection(ExtensibilityGlobals) = postSolution
		SolutionGuid = {9BD86423-8C38-40DB-9D8B-14B1E585DFD4}
	EndGlobalSection
EndGlobal
